
Microsoft Visual Studio Solution File, Format Version 12.00
# Visual Studio Version 16
VisualStudioVersion = 16.0.34031.81
MinimumVisualStudioVersion = 10.0.40219.1
Project("{FAE04EC0-301F-11D3-BF4B-00C04F79EFBC}") = "cw_sample1", "cw_sample1\cw_sample1.csproj", "{4CCFF0EB-AC5C-4B00-8024-95C386F84BA7}"
EndProject
Global
	GlobalSection(SolutionConfigurationPlatforms) = preSolution
		Debug|Any CPU = Debug|Any CPU
		Release|Any CPU = Release|Any CPU
	EndGlobalSection
	GlobalSection(ProjectConfigurationPlatforms) = postSolution
		{4CCFF0EB-AC5C-4B00-8024-95C386F84BA7}.Debug|Any CPU.ActiveCfg = Debug|Any CPU
		{4CCFF0EB-AC5C-4B00-8024-95C386F84BA7}.Debug|Any CPU.Build.0 = Debug|Any CPU
		{4CCFF0EB-AC5C-4B00-8024-95C386F84BA7}.Release|Any CPU.ActiveCfg = Release|Any CPU
		{4CCFF0EB-AC5C-4B00-8024-95C386F84BA7}.Release|Any CPU.Build.0 = Release|Any CPU
	EndGlobalSection
	GlobalSection(SolutionProperties) = preSolution
		HideSolutionNode = FALSE
	EndGlobalSection
	GlobalSection(ExtensibilityGlobals) = postSolution
		SolutionGuid = {04CA39C5-4447-49DE-B139-7DE8AB61FC33}
	EndGlobalSection
EndGlobal
